
Microsoft Visual Studio Solution File, Format Version 12.00
# Visual Studio Version 17
VisualStudioVersion = 17.4.33213.308
MinimumVisualStudioVersion = 10.0.40219.1
Project("{FAE04EC0-301F-11D3-BF4B-00C04F79EFBC}") = "SiloOrleansHelloWorld", "SiloOrleansHelloWorld\SiloOrleansHelloWorld.csproj", "{71921CC9-77B6-450E-ADD7-0138E4C9E39B}"
EndProject
Project("{FAE04EC0-301F-11D3-BF4B-00C04F79EFBC}") = "Client", "Client\Client.csproj", "{187C0EA0-393C-4E4E-A4FA-7F9C3933E596}"
EndProject
Project("{FAE04EC0-301F-11D3-BF4B-00C04F79EFBC}") = "GrainInterfaces", "GrainInterfaces\GrainInterfaces.csproj", "{C42F90B8-A9AC-4E69-B631-F6F7DAF5162D}"
EndProject
Project("{FAE04EC0-301F-11D3-BF4B-00C04F79EFBC}") = "Grains", "Grains\Grains.csproj", "{59981E96-0DE3-4C69-99E0-7630DCCFF5D6}"
EndProject
Global
	GlobalSection(SolutionConfigurationPlatforms) = preSolution
		Debug|Any CPU = Debug|Any CPU
		Release|Any CPU = Release|Any CPU
	EndGlobalSection
	GlobalSection(ProjectConfigurationPlatforms) = postSolution
		{71921CC9-77B6-450E-ADD7-0138E4C9E39B}.Debug|Any CPU.ActiveCfg = Debug|Any CPU
		{71921CC9-77B6-450E-ADD7-0138E4C9E39B}.Debug|Any CPU.Build.0 = Debug|Any CPU
		{71921CC9-77B6-450E-ADD7-0138E4C9E39B}.Release|Any CPU.ActiveCfg = Release|Any CPU
		{71921CC9-77B6-450E-ADD7-0138E4C9E39B}.Release|Any CPU.Build.0 = Release|Any CPU
		{187C0EA0-393C-4E4E-A4FA-7F9C3933E596}.Debug|Any CPU.ActiveCfg = Debug|Any CPU
		{187C0EA0-393C-4E4E-A4FA-7F9C3933E596}.Debug|Any CPU.Build.0 = Debug|Any CPU
		{187C0EA0-393C-4E4E-A4FA-7F9C3933E596}.Release|Any CPU.ActiveCfg = Release|Any CPU
		{187C0EA0-393C-4E4E-A4FA-7F9C3933E596}.Release|Any CPU.Build.0 = Release|Any CPU
		{C42F90B8-A9AC-4E69-B631-F6F7DAF5162D}.Debug|Any CPU.ActiveCfg = Debug|Any CPU
		{C42F90B8-A9AC-4E69-B631-F6F7DAF5162D}.Debug|Any CPU.Build.0 = Debug|Any CPU
		{C42F90B8-A9AC-4E69-B631-F6F7DAF5162D}.Release|Any CPU.ActiveCfg = Release|Any CPU
		{C42F90B8-A9AC-4E69-B631-F6F7DAF5162D}.Release|Any CPU.Build.0 = Release|Any CPU
		{59981E96-0DE3-4C69-99E0-7630DCCFF5D6}.Debug|Any CPU.ActiveCfg = Debug|Any CPU
		{59981E96-0DE3-4C69-99E0-7630DCCFF5D6}.Debug|Any CPU.Build.0 = Debug|Any CPU
		{59981E96-0DE3-4C69-99E0-7630DCCFF5D6}.Release|Any CPU.ActiveCfg = Release|Any CPU
		{59981E96-0DE3-4C69-99E0-7630DCCFF5D6}.Release|Any CPU.Build.0 = Release|Any CPU
	EndGlobalSection
	GlobalSection(SolutionProperties) = preSolution
		HideSolutionNode = FALSE
	EndGlobalSection
	GlobalSection(ExtensibilityGlobals) = postSolution
		SolutionGuid = {1B22DFB8-CFBA-4054-8619-B3E2BAA2163D}
	EndGlobalSection
EndGlobal
